# This file is automatically @generated by Cargo.
# It is not intended for manual editing.
version = 3

[[package]]
name = "collections"
version = "0.1.0"

[[package]]
name = "kernel"
version = "0.1.0"
dependencies = [
 "collections",
 "system",
]

[[package]]
name = "rosx-m68k"
version = "0.1.0"
dependencies = [
 "kernel",
]

[[package]]
name = "system"
version = "0.1.0"
dependencies = [
 "collections",
]
