# This file is automatically @generated by Cargo.
# It is not intended for manual editing.
version = 4

[[package]]
name = "collections"
version = "0.1.0"

[[package]]
name = "conway"
version = "0.1.0"
dependencies = [
 "system",
 "usrlib",
]

[[package]]
name = "system"
version = "0.1.0"
dependencies = [
 "collections",
]

[[package]]
name = "usrlib"
version = "0.1.0"
dependencies = [
 "collections",
 "system",
]
